// !$*UTF8*$!
{
	archiveVersion = 1;
	classes = {
	};
	objectVersion = 55;
	objects = {

/* Begin PBXBuildFile section */
		3E6B47E227CFF97D00300A00 /* ContactsApp.swift in Sources */ = {isa = PBXBuildFile; fileRef = 3E6B47E127CFF97D00300A00 /* ContactsApp.swift */; };
		3E6B47E427CFF97D00300A00 /* ContactListView.swift in Sources */ = {isa = PBXBuildFile; fileRef = 3E6B47E327CFF97D00300A00 /* ContactListView.swift */; };
		3E6B47E627CFF97D00300A00 /* Assets.xcassets in Resources */ = {isa = PBXBuildFile; fileRef = 3E6B47E527CFF97D00300A00 /* Assets.xcassets */; };
		3E6B47E927CFF97D00300A00 /* Preview Assets.xcassets in Resources */ = {isa = PBXBuildFile; fileRef = 3E6B47E827CFF97D00300A00 /* Preview Assets.xcassets */; };
		3E6B47F027CFF98500300A00 /* Contact.swift in Sources */ = {isa = PBXBuildFile; fileRef = 3E6B47EF27CFF98500300A00 /* Contact.swift */; };
		3E6B47F227CFFAC300300A00 /* ContactDetailView.swift in Sources */ = {isa = PBXBuildFile; fileRef = 3E6B47F127CFFAC300300A00 /* ContactDetailView.swift */; };
		3E6B47F427CFFDA800300A00 /* AddContactView.swift in Sources */ = {isa = PBXBuildFile; fileRef = 3E6B47F327CFFDA700300A00 /* AddContactView.swift */; };
		3E6B47F627D01A4B00300A00 /* ViewModel.swift in Sources */ = {isa = PBXBuildFile; fileRef = 3E6B47F527D01A4B00300A00 /* ViewModel.swift */; };
		3E6B47FC27D1654200300A00 /* Array+Extension.swift in Sources */ = {isa = PBXBuildFile; fileRef = 3E6B47FB27D1654200300A00 /* Array+Extension.swift */; };
		3E6B480427D2708200300A00 /* ContactPhotoView.swift in Sources */ = {isa = PBXBuildFile; fileRef = 3E6B480327D2708200300A00 /* ContactPhotoView.swift */; };
		3E6B480627D2919600300A00 /* EmailValidator.swift in Sources */ = {isa = PBXBuildFile; fileRef = 3E6B480527D2919600300A00 /* EmailValidator.swift */; };
/* End PBXBuildFile section */

/* Begin PBXFileReference section */
		3E6B47DE27CFF97D00300A00 /* Contacts.app */ = {isa = PBXFileReference; explicitFileType = wrapper.application; includeInIndex = 0; path = Contacts.app; sourceTree = BUILT_PRODUCTS_DIR; };
		3E6B47E127CFF97D00300A00 /* ContactsApp.swift */ = {isa = PBXFileReference; lastKnownFileType = sourcecode.swift; path = ContactsApp.swift; sourceTree = "<group>"; };
		3E6B47E327CFF97D00300A00 /* ContactListView.swift */ = {isa = PBXFileReference; lastKnownFileType = sourcecode.swift; path = ContactListView.swift; sourceTree = "<group>"; };
		3E6B47E527CFF97D00300A00 /* Assets.xcassets */ = {isa = PBXFileReference; lastKnownFileType = folder.assetcatalog; path = Assets.xcassets; sourceTree = "<group>"; };
		3E6B47E827CFF97D00300A00 /* Preview Assets.xcassets */ = {isa = PBXFileReference; lastKnownFileType = folder.assetcatalog; path = "Preview Assets.xcassets"; sourceTree = "<group>"; };
		3E6B47EF27CFF98500300A00 /* Contact.swift */ = {isa = PBXFileReference; lastKnownFileType = sourcecode.swift; path = Contact.swift; sourceTree = "<group>"; };
		3E6B47F127CFFAC300300A00 /* ContactDetailView.swift */ = {isa = PBXFileReference; lastKnownFileType = sourcecode.swift; path = ContactDetailView.swift; sourceTree = "<group>"; };
		3E6B47F327CFFDA700300A00 /* AddContactView.swift */ = {isa = PBXFileReference; lastKnownFileType = sourcecode.swift; path = AddContactView.swift; sourceTree = "<group>"; };
		3E6B47F527D01A4B00300A00 /* ViewModel.swift */ = {isa = PBXFileReference; lastKnownFileType = sourcecode.swift; path = ViewModel.swift; sourceTree = "<group>"; };
		3E6B47FB27D1654200300A00 /* Array+Extension.swift */ = {isa = PBXFileReference; lastKnownFileType = sourcecode.swift; path = "Array+Extension.swift"; sourceTree = "<group>"; };
		3E6B480327D2708200300A00 /* ContactPhotoView.swift */ = {isa = PBXFileReference; lastKnownFileType = sourcecode.swift; path = ContactPhotoView.swift; sourceTree = "<group>"; };
		3E6B480527D2919600300A00 /* EmailValidator.swift */ = {isa = PBXFileReference; lastKnownFileType = sourcecode.swift; path = EmailValidator.swift; sourceTree = "<group>"; };
/* End PBXFileReference section */

/* Begin PBXFrameworksBuildPhase section */
		3E6B47DB27CFF97D00300A00 /* Frameworks */ = {
			isa = PBXFrameworksBuildPhase;
			buildActionMask = 2147483647;
			files = (
			);
			runOnlyForDeploymentPostprocessing = 0;
		};
/* End PBXFrameworksBuildPhase section */

/* Begin PBXGroup section */
		3E6B47D527CFF97D00300A00 = {
			isa = PBXGroup;
			children = (
				3E6B47E027CFF97D00300A00 /* Contacts */,
				3E6B47DF27CFF97D00300A00 /* Products */,
			);
			sourceTree = "<group>";
		};
		3E6B47DF27CFF97D00300A00 /* Products */ = {
			isa = PBXGroup;
			children = (
				3E6B47DE27CFF97D00300A00 /* Contacts.app */,
			);
			name = Products;
			sourceTree = "<group>";
		};
		3E6B47E027CFF97D00300A00 /* Contacts */ = {
			isa = PBXGroup;
			children = (
				3E6B47E127CFF97D00300A00 /* ContactsApp.swift */,
				3E6B47F727D1625D00300A00 /* Views */,
				3E6B47F827D1628C00300A00 /* ViewModels */,
				3E6B47F927D1629600300A00 /* Models */,
				3E6B47FA27D1653400300A00 /* Extensions */,
				3E6B480727D296AE00300A00 /* Utilities */,
				3E6B47E527CFF97D00300A00 /* Assets.xcassets */,
				3E6B47E727CFF97D00300A00 /* Preview Content */,
			);
			path = Contacts;
			sourceTree = "<group>";
		};
		3E6B47E727CFF97D00300A00 /* Preview Content */ = {
			isa = PBXGroup;
			children = (
				3E6B47E827CFF97D00300A00 /* Preview Assets.xcassets */,
			);
			path = "Preview Content";
			sourceTree = "<group>";
		};
		3E6B47F727D1625D00300A00 /* Views */ = {
			isa = PBXGroup;
			children = (
				3E6B47E327CFF97D00300A00 /* ContactListView.swift */,
				3E6B47F327CFFDA700300A00 /* AddContactView.swift */,
				3E6B47F127CFFAC300300A00 /* ContactDetailView.swift */,
				3E6B480327D2708200300A00 /* ContactPhotoView.swift */,
			);
			path = Views;
			sourceTree = "<group>";
		};
		3E6B47F827D1628C00300A00 /* ViewModels */ = {
			isa = PBXGroup;
			children = (
				3E6B47F527D01A4B00300A00 /* ViewModel.swift */,
			);
			path = ViewModels;
			sourceTree = "<group>";
		};
		3E6B47F927D1629600300A00 /* Models */ = {
			isa = PBXGroup;
			children = (
				3E6B47EF27CFF98500300A00 /* Contact.swift */,
			);
			path = Models;
			sourceTree = "<group>";
		};
		3E6B47FA27D1653400300A00 /* Extensions */ = {
			isa = PBXGroup;
			children = (
				3E6B47FB27D1654200300A00 /* Array+Extension.swift */,
			);
			path = Extensions;
			sourceTree = "<group>";
		};
		3E6B480727D296AE00300A00 /* Utilities */ = {
			isa = PBXGroup;
			children = (
				3E6B480527D2919600300A00 /* EmailValidator.swift */,
			);
			path = Utilities;
			sourceTree = "<group>";
		};
/* End PBXGroup section */

/* Begin PBXNativeTarget section */
		3E6B47DD27CFF97D00300A00 /* Contacts */ = {
			isa = PBXNativeTarget;
			buildConfigurationList = 3E6B47EC27CFF97D00300A00 /* Build configuration list for PBXNativeTarget "Contacts" */;
			buildPhases = (
				3E6B47DA27CFF97D00300A00 /* Sources */,
				3E6B47DB27CFF97D00300A00 /* Frameworks */,
				3E6B47DC27CFF97D00300A00 /* Resources */,
			);
			buildRules = (
			);
			dependencies = (
			);
			name = Contacts;
			productName = Contacts;
			productReference = 3E6B47DE27CFF97D00300A00 /* Contacts.app */;
			productType = "com.apple.product-type.application";
		};
/* End PBXNativeTarget section */

/* Begin PBXProject section */
		3E6B47D627CFF97D00300A00 /* Project object */ = {
			isa = PBXProject;
			attributes = {
				BuildIndependentTargetsInParallel = 1;
				LastSwiftUpdateCheck = 1320;
				LastUpgradeCheck = 1320;
				TargetAttributes = {
					3E6B47DD27CFF97D00300A00 = {
						CreatedOnToolsVersion = 13.2.1;
					};
				};
			};
			buildConfigurationList = 3E6B47D927CFF97D00300A00 /* Build configuration list for PBXProject "Contacts" */;
			compatibilityVersion = "Xcode 13.0";
			developmentRegion = en;
			hasScannedForEncodings = 0;
			knownRegions = (
				en,
				Base,
			);
			mainGroup = 3E6B47D527CFF97D00300A00;
			productRefGroup = 3E6B47DF27CFF97D00300A00 /* Products */;
			projectDirPath = "";
			projectRoot = "";
			targets = (
				3E6B47DD27CFF97D00300A00 /* Contacts */,
			);
		};
/* End PBXProject section */

/* Begin PBXResourcesBuildPhase section */
		3E6B47DC27CFF97D00300A00 /* Resources */ = {
			isa = PBXResourcesBuildPhase;
			buildActionMask = 2147483647;
			files = (
				3E6B47E927CFF97D00300A00 /* Preview Assets.xcassets in Resources */,
				3E6B47E627CFF97D00300A00 /* Assets.xcassets in Resources */,
			);
			runOnlyForDeploymentPostprocessing = 0;
		};
/* End PBXResourcesBuildPhase section */

/* Begin PBXSourcesBuildPhase section */
		3E6B47DA27CFF97D00300A00 /* Sources */ = {
			isa = PBXSourcesBuildPhase;
			buildActionMask = 2147483647;
			files = (
				3E6B47F227CFFAC300300A00 /* ContactDetailView.swift in Sources */,
				3E6B480427D2708200300A00 /* ContactPhotoView.swift in Sources */,
				3E6B47F427CFFDA800300A00 /* AddContactView.swift in Sources */,
				3E6B47F027CFF98500300A00 /* Contact.swift in Sources */,
				3E6B480627D2919600300A00 /* EmailValidator.swift in Sources */,
				3E6B47E427CFF97D00300A00 /* ContactListView.swift in Sources */,
				3E6B47FC27D1654200300A00 /* Array+Extension.swift in Sources */,
				3E6B47F627D01A4B00300A00 /* ViewModel.swift in Sources */,
				3E6B47E227CFF97D00300A00 /* ContactsApp.swift in Sources */,
			);
			runOnlyForDeploymentPostprocessing = 0;
		};
/* End PBXSourcesBuildPhase section */

/* Begin XCBuildConfiguration section */
		3E6B47EA27CFF97D00300A00 /* Debug */ = {
			isa = XCBuildConfiguration;
			buildSettings = {
				ALWAYS_SEARCH_USER_PATHS = NO;
				CLANG_ANALYZER_NONNULL = YES;
				CLANG_ANALYZER_NUMBER_OBJECT_CONVERSION = YES_AGGRESSIVE;
				CLANG_CXX_LANGUAGE_STANDARD = "gnu++17";
				CLANG_CXX_LIBRARY = "libc++";
				CLANG_ENABLE_MODULES = YES;
				CLANG_ENABLE_OBJC_ARC = YES;
				CLANG_ENABLE_OBJC_WEAK = YES;
				CLANG_WARN_BLOCK_CAPTURE_AUTORELEASING = YES;
				CLANG_WARN_BOOL_CONVERSION = YES;
				CLANG_WARN_COMMA = YES;
				CLANG_WARN_CONSTANT_CONVERSION = YES;
				CLANG_WARN_DEPRECATED_OBJC_IMPLEMENTATIONS = YES;
				CLANG_WARN_DIRECT_OBJC_ISA_USAGE = YES_ERROR;
				CLANG_WARN_DOCUMENTATION_COMMENTS = YES;
				CLANG_WARN_EMPTY_BODY = YES;
				CLANG_WARN_ENUM_CONVERSION = YES;
				CLANG_WARN_INFINITE_RECURSION = YES;
				CLANG_WARN_INT_CONVERSION = YES;
				CLANG_WARN_NON_LITERAL_NULL_CONVERSION = YES;
				CLANG_WARN_OBJC_IMPLICIT_RETAIN_SELF = YES;
				CLANG_WARN_OBJC_LITERAL_CONVERSION = YES;
				CLANG_WARN_OBJC_ROOT_CLASS = YES_ERROR;
				CLANG_WARN_QUOTED_INCLUDE_IN_FRAMEWORK_HEADER = YES;
				CLANG_WARN_RANGE_LOOP_ANALYSIS = YES;
				CLANG_WARN_STRICT_PROTOTYPES = YES;
				CLANG_WARN_SUSPICIOUS_MOVE = YES;
				CLANG_WARN_UNGUARDED_AVAILABILITY = YES_AGGRESSIVE;
				CLANG_WARN_UNREACHABLE_CODE = YES;
				CLANG_WARN__DUPLICATE_METHOD_MATCH = YES;
				COPY_PHASE_STRIP = NO;
				DEBUG_INFORMATION_FORMAT = dwarf;
				ENABLE_STRICT_OBJC_MSGSEND = YES;
				ENABLE_TESTABILITY = YES;
				GCC_C_LANGUAGE_STANDARD = gnu11;
				GCC_DYNAMIC_NO_PIC = NO;
				GCC_NO_COMMON_BLOCKS = YES;
				GCC_OPTIMIZATION_LEVEL = 0;
				GCC_PREPROCESSOR_DEFINITIONS = (
					"DEBUG=1",
					"$(inherited)",
				);
				GCC_WARN_64_TO_32_BIT_CONVERSION = YES;
				GCC_WARN_ABOUT_RETURN_TYPE = YES_ERROR;
				GCC_WARN_UNDECLARED_SELECTOR = YES;
				GCC_WARN_UNINITIALIZED_AUTOS = YES_AGGRESSIVE;
				GCC_WARN_UNUSED_FUNCTION = YES;
				GCC_WARN_UNUSED_VARIABLE = YES;
				IPHONEOS_DEPLOYMENT_TARGET = 15.2;
				MTL_ENABLE_DEBUG_INFO = INCLUDE_SOURCE;
				MTL_FAST_MATH = YES;
				ONLY_ACTIVE_ARCH = YES;
				SDKROOT = iphoneos;
				SWIFT_ACTIVE_COMPILATION_CONDITIONS = DEBUG;
				SWIFT_OPTIMIZATION_LEVEL = "-Onone";
			};
			name = Debug;
		};
		3E6B47EB27CFF97D00300A00 /* Release */ = {
			isa = XCBuildConfiguration;
			buildSettings = {
				ALWAYS_SEARCH_USER_PATHS = NO;
				CLANG_ANALYZER_NONNULL = YES;
				CLANG_ANALYZER_NUMBER_OBJECT_CONVERSION = YES_AGGRESSIVE;
				CLANG_CXX_LANGUAGE_STANDARD = "gnu++17";
				CLANG_CXX_LIBRARY = "libc++";
				CLANG_ENABLE_MODULES = YES;
				CLANG_ENABLE_OBJC_ARC = YES;
				CLANG_ENABLE_OBJC_WEAK = YES;
				CLANG_WARN_BLOCK_CAPTURE_AUTORELEASING = YES;
				CLANG_WARN_BOOL_CONVERSION = YES;
				CLANG_WARN_COMMA = YES;
				CLANG_WARN_CONSTANT_CONVERSION = YES;
				CLANG_WARN_DEPRECATED_OBJC_IMPLEMENTATIONS = YES;
				CLANG_WARN_DIRECT_OBJC_ISA_USAGE = YES_ERROR;
				CLANG_WARN_DOCUMENTATION_COMMENTS = YES;
				CLANG_WARN_EMPTY_BODY = YES;
				CLANG_WARN_ENUM_CONVERSION = YES;
				CLANG_WARN_INFINITE_RECURSION = YES;
				CLANG_WARN_INT_CONVERSION = YES;
				CLANG_WARN_NON_LITERAL_NULL_CONVERSION = YES;
				CLANG_WARN_OBJC_IMPLICIT_RETAIN_SELF = YES;
				CLANG_WARN_OBJC_LITERAL_CONVERSION = YES;
				CLANG_WARN_OBJC_ROOT_CLASS = YES_ERROR;
				CLANG_WARN_QUOTED_INCLUDE_IN_FRAMEWORK_HEADER = YES;
				CLANG_WARN_RANGE_LOOP_ANALYSIS = YES;
				CLANG_WARN_STRICT_PROTOTYPES = YES;
				CLANG_WARN_SUSPICIOUS_MOVE = YES;
				CLANG_WARN_UNGUARDED_AVAILABILITY = YES_AGGRESSIVE;
				CLANG_WARN_UNREACHABLE_CODE = YES;
				CLANG_WARN__DUPLICATE_METHOD_MATCH = YES;
				COPY_PHASE_STRIP = NO;
				DEBUG_INFORMATION_FORMAT = "dwarf-with-dsym";
				ENABLE_NS_ASSERTIONS = NO;
				ENABLE_STRICT_OBJC_MSGSEND = YES;
				GCC_C_LANGUAGE_STANDARD = gnu11;
				GCC_NO_COMMON_BLOCKS = YES;
				GCC_WARN_64_TO_32_BIT_CONVERSION = YES;
				GCC_WARN_ABOUT_RETURN_TYPE = YES_ERROR;
				GCC_WARN_UNDECLARED_SELECTOR = YES;
				GCC_WARN_UNINITIALIZED_AUTOS = YES_AGGRESSIVE;
				GCC_WARN_UNUSED_FUNCTION = YES;
				GCC_WARN_UNUSED_VARIABLE = YES;
				IPHONEOS_DEPLOYMENT_TARGET = 15.2;
				MTL_ENABLE_DEBUG_INFO = NO;
				MTL_FAST_MATH = YES;
				SDKROOT = iphoneos;
				SWIFT_COMPILATION_MODE = wholemodule;
				SWIFT_OPTIMIZATION_LEVEL = "-O";
				VALIDATE_PRODUCT = YES;
			};
			name = Release;
		};
		3E6B47ED27CFF97D00300A00 /* Debug */ = {
			isa = XCBuildConfiguration;
			buildSettings = {
				ASSETCATALOG_COMPILER_APPICON_NAME = AppIcon;
				ASSETCATALOG_COMPILER_GLOBAL_ACCENT_COLOR_NAME = AccentColor;
				CODE_SIGN_STYLE = Automatic;
				CURRENT_PROJECT_VERSION = 1;
				DEVELOPMENT_ASSET_PATHS = "\"Contacts/Preview Content\"";
				DEVELOPMENT_TEAM = "";
				ENABLE_PREVIEWS = YES;
				GENERATE_INFOPLIST_FILE = YES;
				INFOPLIST_KEY_NSPhotoLibraryUsageDescription = "We need access to your photo library so that you can add a photo to your contacts.";
				INFOPLIST_KEY_UIApplicationSceneManifest_Generation = YES;
				INFOPLIST_KEY_UIApplicationSupportsIndirectInputEvents = YES;
				INFOPLIST_KEY_UILaunchScreen_Generation = YES;
				INFOPLIST_KEY_UISupportedInterfaceOrientations_iPad = "UIInterfaceOrientationPortrait UIInterfaceOrientationPortraitUpsideDown UIInterfaceOrientationLandscapeLeft UIInterfaceOrientationLandscapeRight";
				INFOPLIST_KEY_UISupportedInterfaceOrientations_iPhone = "UIInterfaceOrientationPortrait UIInterfaceOrientationLandscapeLeft UIInterfaceOrientationLandscapeRight";
				LD_RUNPATH_SEARCH_PATHS = (
					"$(inherited)",
					"@executable_path/Frameworks",
				);
				MARKETING_VERSION = 1.0;
				PRODUCT_BUNDLE_IDENTIFIER = com.tomphillipsmusic.Contacts;
				PRODUCT_NAME = "$(TARGET_NAME)";
				SWIFT_EMIT_LOC_STRINGS = YES;
				SWIFT_VERSION = 5.0;
				TARGETED_DEVICE_FAMILY = "1,2";
			};
			name = Debug;
		};
		3E6B47EE27CFF97D00300A00 /* Release */ = {
			isa = XCBuildConfiguration;
			buildSettings = {
				ASSETCATALOG_COMPILER_APPICON_NAME = AppIcon;
				ASSETCATALOG_COMPILER_GLOBAL_ACCENT_COLOR_NAME = AccentColor;
				CODE_SIGN_STYLE = Automatic;
				CURRENT_PROJECT_VERSION = 1;
				DEVELOPMENT_ASSET_PATHS = "\"Contacts/Preview Content\"";
				DEVELOPMENT_TEAM = "";
				ENABLE_PREVIEWS = YES;
				GENERATE_INFOPLIST_FILE = YES;
				INFOPLIST_KEY_NSPhotoLibraryUsageDescription = "We need access to your photo library so that you can add a photo to your contacts.";
				INFOPLIST_KEY_UIApplicationSceneManifest_Generation = YES;
				INFOPLIST_KEY_UIApplicationSupportsIndirectInputEvents = YES;
				INFOPLIST_KEY_UILaunchScreen_Generation = YES;
				INFOPLIST_KEY_UISupportedInterfaceOrientations_iPad = "UIInterfaceOrientationPortrait UIInterfaceOrientationPortraitUpsideDown UIInterfaceOrientationLandscapeLeft UIInterfaceOrientationLandscapeRight";
				INFOPLIST_KEY_UISupportedInterfaceOrientations_iPhone = "UIInterfaceOrientationPortrait UIInterfaceOrientationLandscapeLeft UIInterfaceOrientationLandscapeRight";
				LD_RUNPATH_SEARCH_PATHS = (
					"$(inherited)",
					"@executable_path/Frameworks",
				);
				MARKETING_VERSION = 1.0;
				PRODUCT_BUNDLE_IDENTIFIER = com.tomphillipsmusic.Contacts;
				PRODUCT_NAME = "$(TARGET_NAME)";
				SWIFT_EMIT_LOC_STRINGS = YES;
				SWIFT_VERSION = 5.0;
				TARGETED_DEVICE_FAMILY = "1,2";
			};
			name = Release;
		};
/* End XCBuildConfiguration section */

/* Begin XCConfigurationList section */
		3E6B47D927CFF97D00300A00 /* Build configuration list for PBXProject "Contacts" */ = {
			isa = XCConfigurationList;
			buildConfigurations = (
				3E6B47EA27CFF97D00300A00 /* Debug */,
				3E6B47EB27CFF97D00300A00 /* Release */,
			);
			defaultConfigurationIsVisible = 0;
			defaultConfigurationName = Release;
		};
		3E6B47EC27CFF97D00300A00 /* Build configuration list for PBXNativeTarget "Contacts" */ = {
			isa = XCConfigurationList;
			buildConfigurations = (
				3E6B47ED27CFF97D00300A00 /* Debug */,
				3E6B47EE27CFF97D00300A00 /* Release */,
			);
			defaultConfigurationIsVisible = 0;
			defaultConfigurationName = Release;
		};
/* End XCConfigurationList section */
	};
	rootObject = 3E6B47D627CFF97D00300A00 /* Project object */;
}
